// !$*UTF8*$!
{
	archiveVersion = 1;
	classes = {
	};
	objectVersion = 56;
	objects = {

/* Begin PBXBuildFile section */
		766A80522A3F5E7200E6C8B5 /* StudyApp.swift in Sources */ = {isa = PBXBuildFile; fileRef = 766A80512A3F5E7200E6C8B5 /* StudyApp.swift */; };
		766A80542A3F5E7200E6C8B5 /* ContentView.swift in Sources */ = {isa = PBXBuildFile; fileRef = 766A80532A3F5E7200E6C8B5 /* ContentView.swift */; };
		766A80562A3F5E7300E6C8B5 /* Assets.xcassets in Resources */ = {isa = PBXBuildFile; fileRef = 766A80552A3F5E7300E6C8B5 /* Assets.xcassets */; };
		766A80592A3F5E7300E6C8B5 /* Preview Assets.xcassets in Resources */ = {isa = PBXBuildFile; fileRef = 766A80582A3F5E7300E6C8B5 /* Preview Assets.xcassets */; };
		766A80632A3F5E7300E6C8B5 /* StudyTests.swift in Sources */ = {isa = PBXBuildFile; fileRef = 766A80622A3F5E7300E6C8B5 /* StudyTests.swift */; };
		766A806D2A3F5E7300E6C8B5 /* StudyUITests.swift in Sources */ = {isa = PBXBuildFile; fileRef = 766A806C2A3F5E7300E6C8B5 /* StudyUITests.swift */; };
		766A806F2A3F5E7300E6C8B5 /* StudyUITestsLaunchTests.swift in Sources */ = {isa = PBXBuildFile; fileRef = 766A806E2A3F5E7300E6C8B5 /* StudyUITestsLaunchTests.swift */; };
/* End PBXBuildFile section */

/* Begin PBXContainerItemProxy section */
		766A805F2A3F5E7300E6C8B5 /* PBXContainerItemProxy */ = {
			isa = PBXContainerItemProxy;
			containerPortal = 766A80462A3F5E7200E6C8B5 /* Project object */;
			proxyType = 1;
			remoteGlobalIDString = 766A804D2A3F5E7200E6C8B5;
			remoteInfo = Study;
		};
		766A80692A3F5E7300E6C8B5 /* PBXContainerItemProxy */ = {
			isa = PBXContainerItemProxy;
			containerPortal = 766A80462A3F5E7200E6C8B5 /* Project object */;
			proxyType = 1;
			remoteGlobalIDString = 766A804D2A3F5E7200E6C8B5;
			remoteInfo = Study;
		};
/* End PBXContainerItemProxy section */

/* Begin PBXFileReference section */
		766A804E2A3F5E7200E6C8B5 /* Study.app */ = {isa = PBXFileReference; explicitFileType = wrapper.application; includeInIndex = 0; path = Study.app; sourceTree = BUILT_PRODUCTS_DIR; };
		766A80512A3F5E7200E6C8B5 /* StudyApp.swift */ = {isa = PBXFileReference; lastKnownFileType = sourcecode.swift; path = StudyApp.swift; sourceTree = "<group>"; };
		766A80532A3F5E7200E6C8B5 /* ContentView.swift */ = {isa = PBXFileReference; lastKnownFileType = sourcecode.swift; path = ContentView.swift; sourceTree = "<group>"; };
		766A80552A3F5E7300E6C8B5 /* Assets.xcassets */ = {isa = PBXFileReference; lastKnownFileType = folder.assetcatalog; path = Assets.xcassets; sourceTree = "<group>"; };
		766A80582A3F5E7300E6C8B5 /* Preview Assets.xcassets */ = {isa = PBXFileReference; lastKnownFileType = folder.assetcatalog; path = "Preview Assets.xcassets"; sourceTree = "<group>"; };
		766A805E2A3F5E7300E6C8B5 /* StudyTests.xctest */ = {isa = PBXFileReference; explicitFileType = wrapper.cfbundle; includeInIndex = 0; path = StudyTests.xctest; sourceTree = BUILT_PRODUCTS_DIR; };
		766A80622A3F5E7300E6C8B5 /* StudyTests.swift */ = {isa = PBXFileReference; lastKnownFileType = sourcecode.swift; path = StudyTests.swift; sourceTree = "<group>"; };
		766A80682A3F5E7300E6C8B5 /* StudyUITests.xctest */ = {isa = PBXFileReference; explicitFileType = wrapper.cfbundle; includeInIndex = 0; path = StudyUITests.xctest; sourceTree = BUILT_PRODUCTS_DIR; };
		766A806C2A3F5E7300E6C8B5 /* StudyUITests.swift */ = {isa = PBXFileReference; lastKnownFileType = sourcecode.swift; path = StudyUITests.swift; sourceTree = "<group>"; };
		766A806E2A3F5E7300E6C8B5 /* StudyUITestsLaunchTests.swift */ = {isa = PBXFileReference; lastKnownFileType = sourcecode.swift; path = StudyUITestsLaunchTests.swift; sourceTree = "<group>"; };
/* End PBXFileReference section */

/* Begin PBXFrameworksBuildPhase section */
		766A804B2A3F5E7200E6C8B5 /* Frameworks */ = {
			isa = PBXFrameworksBuildPhase;
			buildActionMask = 2147483647;
			files = (
			);
			runOnlyForDeploymentPostprocessing = 0;
		};
		766A805B2A3F5E7300E6C8B5 /* Frameworks */ = {
			isa = PBXFrameworksBuildPhase;
			buildActionMask = 2147483647;
			files = (
			);
			runOnlyForDeploymentPostprocessing = 0;
		};
		766A80652A3F5E7300E6C8B5 /* Frameworks */ = {
			isa = PBXFrameworksBuildPhase;
			buildActionMask = 2147483647;
			files = (
			);
			runOnlyForDeploymentPostprocessing = 0;
		};
/* End PBXFrameworksBuildPhase section */

/* Begin PBXGroup section */
		766A80452A3F5E7200E6C8B5 = {
			isa = PBXGroup;
			children = (
				766A80502A3F5E7200E6C8B5 /* Study */,
				766A80612A3F5E7300E6C8B5 /* StudyTests */,
				766A806B2A3F5E7300E6C8B5 /* StudyUITests */,
				766A804F2A3F5E7200E6C8B5 /* Products */,
			);
			sourceTree = "<group>";
		};
		766A804F2A3F5E7200E6C8B5 /* Products */ = {
			isa = PBXGroup;
			children = (
				766A804E2A3F5E7200E6C8B5 /* Study.app */,
				766A805E2A3F5E7300E6C8B5 /* StudyTests.xctest */,
				766A80682A3F5E7300E6C8B5 /* StudyUITests.xctest */,
			);
			name = Products;
			sourceTree = "<group>";
		};
		766A80502A3F5E7200E6C8B5 /* Study */ = {
			isa = PBXGroup;
			children = (
				766A80512A3F5E7200E6C8B5 /* StudyApp.swift */,
				766A80532A3F5E7200E6C8B5 /* ContentView.swift */,
				766A80552A3F5E7300E6C8B5 /* Assets.xcassets */,
				766A80572A3F5E7300E6C8B5 /* Preview Content */,
			);
			path = Study;
			sourceTree = "<group>";
		};
		766A80572A3F5E7300E6C8B5 /* Preview Content */ = {
			isa = PBXGroup;
			children = (
				766A80582A3F5E7300E6C8B5 /* Preview Assets.xcassets */,
			);
			path = "Preview Content";
			sourceTree = "<group>";
		};
		766A80612A3F5E7300E6C8B5 /* StudyTests */ = {
			isa = PBXGroup;
			children = (
				766A80622A3F5E7300E6C8B5 /* StudyTests.swift */,
			);
			path = StudyTests;
			sourceTree = "<group>";
		};
		766A806B2A3F5E7300E6C8B5 /* StudyUITests */ = {
			isa = PBXGroup;
			children = (
				766A806C2A3F5E7300E6C8B5 /* StudyUITests.swift */,
				766A806E2A3F5E7300E6C8B5 /* StudyUITestsLaunchTests.swift */,
			);
			path = StudyUITests;
			sourceTree = "<group>";
		};
/* End PBXGroup section */

/* Begin PBXNativeTarget section */
		766A804D2A3F5E7200E6C8B5 /* Study */ = {
			isa = PBXNativeTarget;
			buildConfigurationList = 766A80722A3F5E7300E6C8B5 /* Build configuration list for PBXNativeTarget "Study" */;
			buildPhases = (
				766A804A2A3F5E7200E6C8B5 /* Sources */,
				766A804B2A3F5E7200E6C8B5 /* Frameworks */,
				766A804C2A3F5E7200E6C8B5 /* Resources */,
			);
			buildRules = (
			);
			dependencies = (
			);
			name = Study;
			productName = Study;
			productReference = 766A804E2A3F5E7200E6C8B5 /* Study.app */;
			productType = "com.apple.product-type.application";
		};
		766A805D2A3F5E7300E6C8B5 /* StudyTests */ = {
			isa = PBXNativeTarget;
			buildConfigurationList = 766A80752A3F5E7300E6C8B5 /* Build configuration list for PBXNativeTarget "StudyTests" */;
			buildPhases = (
				766A805A2A3F5E7300E6C8B5 /* Sources */,
				766A805B2A3F5E7300E6C8B5 /* Frameworks */,
				766A805C2A3F5E7300E6C8B5 /* Resources */,
			);
			buildRules = (
			);
			dependencies = (
				766A80602A3F5E7300E6C8B5 /* PBXTargetDependency */,
			);
			name = StudyTests;
			productName = StudyTests;
			productReference = 766A805E2A3F5E7300E6C8B5 /* StudyTests.xctest */;
			productType = "com.apple.product-type.bundle.unit-test";
		};
		766A80672A3F5E7300E6C8B5 /* StudyUITests */ = {
			isa = PBXNativeTarget;
			buildConfigurationList = 766A80782A3F5E7300E6C8B5 /* Build configuration list for PBXNativeTarget "StudyUITests" */;
			buildPhases = (
				766A80642A3F5E7300E6C8B5 /* Sources */,
				766A80652A3F5E7300E6C8B5 /* Frameworks */,
				766A80662A3F5E7300E6C8B5 /* Resources */,
			);
			buildRules = (
			);
			dependencies = (
				766A806A2A3F5E7300E6C8B5 /* PBXTargetDependency */,
			);
			name = StudyUITests;
			productName = StudyUITests;
			productReference = 766A80682A3F5E7300E6C8B5 /* StudyUITests.xctest */;
			productType = "com.apple.product-type.bundle.ui-testing";
		};
/* End PBXNativeTarget section */

/* Begin PBXProject section */
		766A80462A3F5E7200E6C8B5 /* Project object */ = {
			isa = PBXProject;
			attributes = {
				BuildIndependentTargetsInParallel = 1;
				LastSwiftUpdateCheck = 1430;
				LastUpgradeCheck = 1430;
				TargetAttributes = {
					766A804D2A3F5E7200E6C8B5 = {
						CreatedOnToolsVersion = 14.3.1;
					};
					766A805D2A3F5E7300E6C8B5 = {
						CreatedOnToolsVersion = 14.3.1;
						TestTargetID = 766A804D2A3F5E7200E6C8B5;
					};
					766A80672A3F5E7300E6C8B5 = {
						CreatedOnToolsVersion = 14.3.1;
						TestTargetID = 766A804D2A3F5E7200E6C8B5;
					};
				};
			};
			buildConfigurationList = 766A80492A3F5E7200E6C8B5 /* Build configuration list for PBXProject "Study" */;
			compatibilityVersion = "Xcode 14.0";
			developmentRegion = en;
			hasScannedForEncodings = 0;
			knownRegions = (
				en,
				Base,
			);
			mainGroup = 766A80452A3F5E7200E6C8B5;
			productRefGroup = 766A804F2A3F5E7200E6C8B5 /* Products */;
			projectDirPath = "";
			projectRoot = "";
			targets = (
				766A804D2A3F5E7200E6C8B5 /* Study */,
				766A805D2A3F5E7300E6C8B5 /* StudyTests */,
				766A80672A3F5E7300E6C8B5 /* StudyUITests */,
			);
		};
/* End PBXProject section */

/* Begin PBXResourcesBuildPhase section */
		766A804C2A3F5E7200E6C8B5 /* Resources */ = {
			isa = PBXResourcesBuildPhase;
			buildActionMask = 2147483647;
			files = (
				766A80592A3F5E7300E6C8B5 /* Preview Assets.xcassets in Resources */,
				766A80562A3F5E7300E6C8B5 /* Assets.xcassets in Resources */,
			);
			runOnlyForDeploymentPostprocessing = 0;
		};
		766A805C2A3F5E7300E6C8B5 /* Resources */ = {
			isa = PBXResourcesBuildPhase;
			buildActionMask = 2147483647;
			files = (
			);
			runOnlyForDeploymentPostprocessing = 0;
		};
		766A80662A3F5E7300E6C8B5 /* Resources */ = {
			isa = PBXResourcesBuildPhase;
			buildActionMask = 2147483647;
			files = (
			);
			runOnlyForDeploymentPostprocessing = 0;
		};
/* End PBXResourcesBuildPhase section */

/* Begin PBXSourcesBuildPhase section */
		766A804A2A3F5E7200E6C8B5 /* Sources */ = {
			isa = PBXSourcesBuildPhase;
			buildActionMask = 2147483647;
			files = (
				766A80542A3F5E7200E6C8B5 /* ContentView.swift in Sources */,
				766A80522A3F5E7200E6C8B5 /* StudyApp.swift in Sources */,
			);
			runOnlyForDeploymentPostprocessing = 0;
		};
		766A805A2A3F5E7300E6C8B5 /* Sources */ = {
			isa = PBXSourcesBuildPhase;
			buildActionMask = 2147483647;
			files = (
				766A80632A3F5E7300E6C8B5 /* StudyTests.swift in Sources */,
			);
			runOnlyForDeploymentPostprocessing = 0;
		};
		766A80642A3F5E7300E6C8B5 /* Sources */ = {
			isa = PBXSourcesBuildPhase;
			buildActionMask = 2147483647;
			files = (
				766A806F2A3F5E7300E6C8B5 /* StudyUITestsLaunchTests.swift in Sources */,
				766A806D2A3F5E7300E6C8B5 /* StudyUITests.swift in Sources */,
			);
			runOnlyForDeploymentPostprocessing = 0;
		};
/* End PBXSourcesBuildPhase section */

/* Begin PBXTargetDependency section */
		766A80602A3F5E7300E6C8B5 /* PBXTargetDependency */ = {
			isa = PBXTargetDependency;
			target = 766A804D2A3F5E7200E6C8B5 /* Study */;
			targetProxy = 766A805F2A3F5E7300E6C8B5 /* PBXContainerItemProxy */;
		};
		766A806A2A3F5E7300E6C8B5 /* PBXTargetDependency */ = {
			isa = PBXTargetDependency;
			target = 766A804D2A3F5E7200E6C8B5 /* Study */;
			targetProxy = 766A80692A3F5E7300E6C8B5 /* PBXContainerItemProxy */;
		};
/* End PBXTargetDependency section */

/* Begin XCBuildConfiguration section */
		766A80702A3F5E7300E6C8B5 /* Debug */ = {
			isa = XCBuildConfiguration;
			buildSettings = {
				ALWAYS_SEARCH_USER_PATHS = NO;
				CLANG_ANALYZER_NONNULL = YES;
				CLANG_ANALYZER_NUMBER_OBJECT_CONVERSION = YES_AGGRESSIVE;
				CLANG_CXX_LANGUAGE_STANDARD = "gnu++20";
				CLANG_ENABLE_MODULES = YES;
				CLANG_ENABLE_OBJC_ARC = YES;
				CLANG_ENABLE_OBJC_WEAK = YES;
				CLANG_WARN_BLOCK_CAPTURE_AUTORELEASING = YES;
				CLANG_WARN_BOOL_CONVERSION = YES;
				CLANG_WARN_COMMA = YES;
				CLANG_WARN_CONSTANT_CONVERSION = YES;
				CLANG_WARN_DEPRECATED_OBJC_IMPLEMENTATIONS = YES;
				CLANG_WARN_DIRECT_OBJC_ISA_USAGE = YES_ERROR;
				CLANG_WARN_DOCUMENTATION_COMMENTS = YES;
				CLANG_WARN_EMPTY_BODY = YES;
				CLANG_WARN_ENUM_CONVERSION = YES;
				CLANG_WARN_INFINITE_RECURSION = YES;
				CLANG_WARN_INT_CONVERSION = YES;
				CLANG_WARN_NON_LITERAL_NULL_CONVERSION = YES;
				CLANG_WARN_OBJC_IMPLICIT_RETAIN_SELF = YES;
				CLANG_WARN_OBJC_LITERAL_CONVERSION = YES;
				CLANG_WARN_OBJC_ROOT_CLASS = YES_ERROR;
				CLANG_WARN_QUOTED_INCLUDE_IN_FRAMEWORK_HEADER = YES;
				CLANG_WARN_RANGE_LOOP_ANALYSIS = YES;
				CLANG_WARN_STRICT_PROTOTYPES = YES;
				CLANG_WARN_SUSPICIOUS_MOVE = YES;
				CLANG_WARN_UNGUARDED_AVAILABILITY = YES_AGGRESSIVE;
				CLANG_WARN_UNREACHABLE_CODE = YES;
				CLANG_WARN__DUPLICATE_METHOD_MATCH = YES;
				COPY_PHASE_STRIP = NO;
				DEBUG_INFORMATION_FORMAT = dwarf;
				ENABLE_STRICT_OBJC_MSGSEND = YES;
				ENABLE_TESTABILITY = YES;
				GCC_C_LANGUAGE_STANDARD = gnu11;
				GCC_DYNAMIC_NO_PIC = NO;
				GCC_NO_COMMON_BLOCKS = YES;
				GCC_OPTIMIZATION_LEVEL = 0;
				GCC_PREPROCESSOR_DEFINITIONS = (
					"DEBUG=1",
					"$(inherited)",
				);
				GCC_WARN_64_TO_32_BIT_CONVERSION = YES;
				GCC_WARN_ABOUT_RETURN_TYPE = YES_ERROR;
				GCC_WARN_UNDECLARED_SELECTOR = YES;
				GCC_WARN_UNINITIALIZED_AUTOS = YES_AGGRESSIVE;
				GCC_WARN_UNUSED_FUNCTION = YES;
				GCC_WARN_UNUSED_VARIABLE = YES;
				IPHONEOS_DEPLOYMENT_TARGET = 16.4;
				MTL_ENABLE_DEBUG_INFO = INCLUDE_SOURCE;
				MTL_FAST_MATH = YES;
				ONLY_ACTIVE_ARCH = YES;
				SDKROOT = iphoneos;
				SWIFT_ACTIVE_COMPILATION_CONDITIONS = DEBUG;
				SWIFT_OPTIMIZATION_LEVEL = "-Onone";
			};
			name = Debug;
		};
		766A80712A3F5E7300E6C8B5 /* Release */ = {
			isa = XCBuildConfiguration;
			buildSettings = {
				ALWAYS_SEARCH_USER_PATHS = NO;
				CLANG_ANALYZER_NONNULL = YES;
				CLANG_ANALYZER_NUMBER_OBJECT_CONVERSION = YES_AGGRESSIVE;
				CLANG_CXX_LANGUAGE_STANDARD = "gnu++20";
				CLANG_ENABLE_MODULES = YES;
				CLANG_ENABLE_OBJC_ARC = YES;
				CLANG_ENABLE_OBJC_WEAK = YES;
				CLANG_WARN_BLOCK_CAPTURE_AUTORELEASING = YES;
				CLANG_WARN_BOOL_CONVERSION = YES;
				CLANG_WARN_COMMA = YES;
				CLANG_WARN_CONSTANT_CONVERSION = YES;
				CLANG_WARN_DEPRECATED_OBJC_IMPLEMENTATIONS = YES;
				CLANG_WARN_DIRECT_OBJC_ISA_USAGE = YES_ERROR;
				CLANG_WARN_DOCUMENTATION_COMMENTS = YES;
				CLANG_WARN_EMPTY_BODY = YES;
				CLANG_WARN_ENUM_CONVERSION = YES;
				CLANG_WARN_INFINITE_RECURSION = YES;
				CLANG_WARN_INT_CONVERSION = YES;
				CLANG_WARN_NON_LITERAL_NULL_CONVERSION = YES;
				CLANG_WARN_OBJC_IMPLICIT_RETAIN_SELF = YES;
				CLANG_WARN_OBJC_LITERAL_CONVERSION = YES;
				CLANG_WARN_OBJC_ROOT_CLASS = YES_ERROR;
				CLANG_WARN_QUOTED_INCLUDE_IN_FRAMEWORK_HEADER = YES;
				CLANG_WARN_RANGE_LOOP_ANALYSIS = YES;
				CLANG_WARN_STRICT_PROTOTYPES = YES;
				CLANG_WARN_SUSPICIOUS_MOVE = YES;
				CLANG_WARN_UNGUARDED_AVAILABILITY = YES_AGGRESSIVE;
				CLANG_WARN_UNREACHABLE_CODE = YES;
				CLANG_WARN__DUPLICATE_METHOD_MATCH = YES;
				COPY_PHASE_STRIP = NO;
				DEBUG_INFORMATION_FORMAT = "dwarf-with-dsym";
				ENABLE_NS_ASSERTIONS = NO;
				ENABLE_STRICT_OBJC_MSGSEND = YES;
				GCC_C_LANGUAGE_STANDARD = gnu11;
				GCC_NO_COMMON_BLOCKS = YES;
				GCC_WARN_64_TO_32_BIT_CONVERSION = YES;
				GCC_WARN_ABOUT_RETURN_TYPE = YES_ERROR;
				GCC_WARN_UNDECLARED_SELECTOR = YES;
				GCC_WARN_UNINITIALIZED_AUTOS = YES_AGGRESSIVE;
				GCC_WARN_UNUSED_FUNCTION = YES;
				GCC_WARN_UNUSED_VARIABLE = YES;
				IPHONEOS_DEPLOYMENT_TARGET = 16.4;
				MTL_ENABLE_DEBUG_INFO = NO;
				MTL_FAST_MATH = YES;
				SDKROOT = iphoneos;
				SWIFT_COMPILATION_MODE = wholemodule;
				SWIFT_OPTIMIZATION_LEVEL = "-O";
				VALIDATE_PRODUCT = YES;
			};
			name = Release;
		};
		766A80732A3F5E7300E6C8B5 /* Debug */ = {
			isa = XCBuildConfiguration;
			buildSettings = {
				ASSETCATALOG_COMPILER_APPICON_NAME = AppIcon;
				ASSETCATALOG_COMPILER_GLOBAL_ACCENT_COLOR_NAME = AccentColor;
				ASSETCATALOG_COMPILER_INCLUDE_ALL_APPICON_ASSETS = YES;
				CODE_SIGN_STYLE = Automatic;
				CURRENT_PROJECT_VERSION = 1;
				DEVELOPMENT_ASSET_PATHS = "\"Study/Preview Content\"";
				DEVELOPMENT_TEAM = YHWJVDWBCG;
				ENABLE_PREVIEWS = YES;
				GENERATE_INFOPLIST_FILE = YES;
				INFOPLIST_KEY_CFBundleDisplayName = Converter;
				INFOPLIST_KEY_LSApplicationCategoryType = "public.app-category.education";
				INFOPLIST_KEY_UIApplicationSceneManifest_Generation = YES;
				INFOPLIST_KEY_UIApplicationSupportsIndirectInputEvents = YES;
				INFOPLIST_KEY_UILaunchScreen_Generation = YES;
				INFOPLIST_KEY_UISupportedInterfaceOrientations = "UIInterfaceOrientationLandscapeLeft UIInterfaceOrientationLandscapeRight UIInterfaceOrientationPortrait";
				INFOPLIST_KEY_UISupportedInterfaceOrientations_iPad = UIInterfaceOrientationPortrait;
				IPHONEOS_DEPLOYMENT_TARGET = 16.0;
				LD_RUNPATH_SEARCH_PATHS = (
					"$(inherited)",
					"@executable_path/Frameworks",
				);
				MARKETING_VERSION = 0.1;
				PRODUCT_BUNDLE_IDENTIFIER = mehmetkahya.Study;
				PRODUCT_NAME = "$(TARGET_NAME)";
				SWIFT_EMIT_LOC_STRINGS = YES;
				SWIFT_VERSION = 5.0;
				TARGETED_DEVICE_FAMILY = "1,2";
			};
			name = Debug;
		};
		766A80742A3F5E7300E6C8B5 /* Release */ = {
			isa = XCBuildConfiguration;
			buildSettings = {
				ASSETCATALOG_COMPILER_APPICON_NAME = AppIcon;
				ASSETCATALOG_COMPILER_GLOBAL_ACCENT_COLOR_NAME = AccentColor;
				ASSETCATALOG_COMPILER_INCLUDE_ALL_APPICON_ASSETS = YES;
				CODE_SIGN_STYLE = Automatic;
				CURRENT_PROJECT_VERSION = 1;
				DEVELOPMENT_ASSET_PATHS = "\"Study/Preview Content\"";
				DEVELOPMENT_TEAM = YHWJVDWBCG;
				ENABLE_PREVIEWS = YES;
				GENERATE_INFOPLIST_FILE = YES;
				INFOPLIST_KEY_CFBundleDisplayName = Converter;
				INFOPLIST_KEY_LSApplicationCategoryType = "public.app-category.education";
				INFOPLIST_KEY_UIApplicationSceneManifest_Generation = YES;
				INFOPLIST_KEY_UIApplicationSupportsIndirectInputEvents = YES;
				INFOPLIST_KEY_UILaunchScreen_Generation = YES;
				INFOPLIST_KEY_UISupportedInterfaceOrientations = "UIInterfaceOrientationLandscapeLeft UIInterfaceOrientationLandscapeRight UIInterfaceOrientationPortrait";
				INFOPLIST_KEY_UISupportedInterfaceOrientations_iPad = UIInterfaceOrientationPortrait;
				IPHONEOS_DEPLOYMENT_TARGET = 16.0;
				LD_RUNPATH_SEARCH_PATHS = (
					"$(inherited)",
					"@executable_path/Frameworks",
				);
				MARKETING_VERSION = 0.1;
				PRODUCT_BUNDLE_IDENTIFIER = mehmetkahya.Study;
				PRODUCT_NAME = "$(TARGET_NAME)";
				SWIFT_EMIT_LOC_STRINGS = YES;
				SWIFT_VERSION = 5.0;
				TARGETED_DEVICE_FAMILY = "1,2";
			};
			name = Release;
		};
		766A80762A3F5E7300E6C8B5 /* Debug */ = {
			isa = XCBuildConfiguration;
			buildSettings = {
				ALWAYS_EMBED_SWIFT_STANDARD_LIBRARIES = YES;
				BUNDLE_LOADER = "$(TEST_HOST)";
				CODE_SIGN_STYLE = Automatic;
				CURRENT_PROJECT_VERSION = 1;
				DEVELOPMENT_TEAM = YHWJVDWBCG;
				GENERATE_INFOPLIST_FILE = YES;
				IPHONEOS_DEPLOYMENT_TARGET = 16.4;
				MARKETING_VERSION = 1.0;
				PRODUCT_BUNDLE_IDENTIFIER = mehmetkahya.StudyTests;
				PRODUCT_NAME = "$(TARGET_NAME)";
				SWIFT_EMIT_LOC_STRINGS = NO;
				SWIFT_VERSION = 5.0;
				TARGETED_DEVICE_FAMILY = "1,2";
				TEST_HOST = "$(BUILT_PRODUCTS_DIR)/Study.app/$(BUNDLE_EXECUTABLE_FOLDER_PATH)/Study";
			};
			name = Debug;
		};
		766A80772A3F5E7300E6C8B5 /* Release */ = {
			isa = XCBuildConfiguration;
			buildSettings = {
				ALWAYS_EMBED_SWIFT_STANDARD_LIBRARIES = YES;
				BUNDLE_LOADER = "$(TEST_HOST)";
				CODE_SIGN_STYLE = Automatic;
				CURRENT_PROJECT_VERSION = 1;
				DEVELOPMENT_TEAM = YHWJVDWBCG;
				GENERATE_INFOPLIST_FILE = YES;
				IPHONEOS_DEPLOYMENT_TARGET = 16.4;
				MARKETING_VERSION = 1.0;
				PRODUCT_BUNDLE_IDENTIFIER = mehmetkahya.StudyTests;
				PRODUCT_NAME = "$(TARGET_NAME)";
				SWIFT_EMIT_LOC_STRINGS = NO;
				SWIFT_VERSION = 5.0;
				TARGETED_DEVICE_FAMILY = "1,2";
				TEST_HOST = "$(BUILT_PRODUCTS_DIR)/Study.app/$(BUNDLE_EXECUTABLE_FOLDER_PATH)/Study";
			};
			name = Release;
		};
		766A80792A3F5E7300E6C8B5 /* Debug */ = {
			isa = XCBuildConfiguration;
			buildSettings = {
				ALWAYS_EMBED_SWIFT_STANDARD_LIBRARIES = YES;
				CODE_SIGN_STYLE = Automatic;
				CURRENT_PROJECT_VERSION = 1;
				DEVELOPMENT_TEAM = YHWJVDWBCG;
				GENERATE_INFOPLIST_FILE = YES;
				MARKETING_VERSION = 1.0;
				PRODUCT_BUNDLE_IDENTIFIER = mehmetkahya.StudyUITests;
				PRODUCT_NAME = "$(TARGET_NAME)";
				SWIFT_EMIT_LOC_STRINGS = NO;
				SWIFT_VERSION = 5.0;
				TARGETED_DEVICE_FAMILY = "1,2";
				TEST_TARGET_NAME = Study;
			};
			name = Debug;
		};
		766A807A2A3F5E7300E6C8B5 /* Release */ = {
			isa = XCBuildConfiguration;
			buildSettings = {
				ALWAYS_EMBED_SWIFT_STANDARD_LIBRARIES = YES;
				CODE_SIGN_STYLE = Automatic;
				CURRENT_PROJECT_VERSION = 1;
				DEVELOPMENT_TEAM = YHWJVDWBCG;
				GENERATE_INFOPLIST_FILE = YES;
				MARKETING_VERSION = 1.0;
				PRODUCT_BUNDLE_IDENTIFIER = mehmetkahya.StudyUITests;
				PRODUCT_NAME = "$(TARGET_NAME)";
				SWIFT_EMIT_LOC_STRINGS = NO;
				SWIFT_VERSION = 5.0;
				TARGETED_DEVICE_FAMILY = "1,2";
				TEST_TARGET_NAME = Study;
			};
			name = Release;
		};
/* End XCBuildConfiguration section */

/* Begin XCConfigurationList section */
		766A80492A3F5E7200E6C8B5 /* Build configuration list for PBXProject "Study" */ = {
			isa = XCConfigurationList;
			buildConfigurations = (
				766A80702A3F5E7300E6C8B5 /* Debug */,
				766A80712A3F5E7300E6C8B5 /* Release */,
			);
			defaultConfigurationIsVisible = 0;
			defaultConfigurationName = Release;
		};
		766A80722A3F5E7300E6C8B5 /* Build configuration list for PBXNativeTarget "Study" */ = {
			isa = XCConfigurationList;
			buildConfigurations = (
				766A80732A3F5E7300E6C8B5 /* Debug */,
				766A80742A3F5E7300E6C8B5 /* Release */,
			);
			defaultConfigurationIsVisible = 0;
			defaultConfigurationName = Release;
		};
		766A80752A3F5E7300E6C8B5 /* Build configuration list for PBXNativeTarget "StudyTests" */ = {
			isa = XCConfigurationList;
			buildConfigurations = (
				766A80762A3F5E7300E6C8B5 /* Debug */,
				766A80772A3F5E7300E6C8B5 /* Release */,
			);
			defaultConfigurationIsVisible = 0;
			defaultConfigurationName = Release;
		};
		766A80782A3F5E7300E6C8B5 /* Build configuration list for PBXNativeTarget "StudyUITests" */ = {
			isa = XCConfigurationList;
			buildConfigurations = (
				766A80792A3F5E7300E6C8B5 /* Debug */,
				766A807A2A3F5E7300E6C8B5 /* Release */,
			);
			defaultConfigurationIsVisible = 0;
			defaultConfigurationName = Release;
		};
/* End XCConfigurationList section */
	};
	rootObject = 766A80462A3F5E7200E6C8B5 /* Project object */;
}
